
Microsoft Visual Studio Solution File, Format Version 12.00
# Visual Studio Version 17
VisualStudioVersion = 17.5.002.0
MinimumVisualStudioVersion = 10.0.40219.1
Project("{9A19103F-16F7-4668-BE54-9A1E7A4F7556}") = "exercicio2", "exercicio2.csproj", "{86479EE6-C7E6-4959-A606-A8D5238A108A}"
EndProject
Global
	GlobalSection(SolutionConfigurationPlatforms) = preSolution
		Debug|Any CPU = Debug|Any CPU
		Release|Any CPU = Release|Any CPU
	EndGlobalSection
	GlobalSection(ProjectConfigurationPlatforms) = postSolution
		{86479EE6-C7E6-4959-A606-A8D5238A108A}.Debug|Any CPU.ActiveCfg = Debug|Any CPU
		{86479EE6-C7E6-4959-A606-A8D5238A108A}.Debug|Any CPU.Build.0 = Debug|Any CPU
		{86479EE6-C7E6-4959-A606-A8D5238A108A}.Release|Any CPU.ActiveCfg = Release|Any CPU
		{86479EE6-C7E6-4959-A606-A8D5238A108A}.Release|Any CPU.Build.0 = Release|Any CPU
	EndGlobalSection
	GlobalSection(SolutionProperties) = preSolution
		HideSolutionNode = FALSE
	EndGlobalSection
	GlobalSection(ExtensibilityGlobals) = postSolution
		SolutionGuid = {8B2F1E3D-98BF-4E3A-9210-3B54D60AF90E}
	EndGlobalSection
EndGlobal
