
Microsoft Visual Studio Solution File, Format Version 12.00
# Visual Studio Version 17
VisualStudioVersion = 17.5.002.0
MinimumVisualStudioVersion = 10.0.40219.1
Project("{9A19103F-16F7-4668-BE54-9A1E7A4F7556}") = "exercicio1", "exercicio1.csproj", "{1FD3B952-EC8C-4288-85BE-3AD0EA597D79}"
EndProject
Global
	GlobalSection(SolutionConfigurationPlatforms) = preSolution
		Debug|Any CPU = Debug|Any CPU
		Release|Any CPU = Release|Any CPU
	EndGlobalSection
	GlobalSection(ProjectConfigurationPlatforms) = postSolution
		{1FD3B952-EC8C-4288-85BE-3AD0EA597D79}.Debug|Any CPU.ActiveCfg = Debug|Any CPU
		{1FD3B952-EC8C-4288-85BE-3AD0EA597D79}.Debug|Any CPU.Build.0 = Debug|Any CPU
		{1FD3B952-EC8C-4288-85BE-3AD0EA597D79}.Release|Any CPU.ActiveCfg = Release|Any CPU
		{1FD3B952-EC8C-4288-85BE-3AD0EA597D79}.Release|Any CPU.Build.0 = Release|Any CPU
	EndGlobalSection
	GlobalSection(SolutionProperties) = preSolution
		HideSolutionNode = FALSE
	EndGlobalSection
	GlobalSection(ExtensibilityGlobals) = postSolution
		SolutionGuid = {4B3B1478-EC9F-483E-8522-7FCB735B0B8F}
	EndGlobalSection
EndGlobal
