
Microsoft Visual Studio Solution File, Format Version 12.00
# Visual Studio Version 17
VisualStudioVersion = 17.5.002.0
MinimumVisualStudioVersion = 10.0.40219.1
Project("{9A19103F-16F7-4668-BE54-9A1E7A4F7556}") = "exercicio2", "exercicio2.csproj", "{8C904956-FD31-48AB-B0E9-0A3141B07958}"
EndProject
Global
	GlobalSection(SolutionConfigurationPlatforms) = preSolution
		Debug|Any CPU = Debug|Any CPU
		Release|Any CPU = Release|Any CPU
	EndGlobalSection
	GlobalSection(ProjectConfigurationPlatforms) = postSolution
		{8C904956-FD31-48AB-B0E9-0A3141B07958}.Debug|Any CPU.ActiveCfg = Debug|Any CPU
		{8C904956-FD31-48AB-B0E9-0A3141B07958}.Debug|Any CPU.Build.0 = Debug|Any CPU
		{8C904956-FD31-48AB-B0E9-0A3141B07958}.Release|Any CPU.ActiveCfg = Release|Any CPU
		{8C904956-FD31-48AB-B0E9-0A3141B07958}.Release|Any CPU.Build.0 = Release|Any CPU
	EndGlobalSection
	GlobalSection(SolutionProperties) = preSolution
		HideSolutionNode = FALSE
	EndGlobalSection
	GlobalSection(ExtensibilityGlobals) = postSolution
		SolutionGuid = {70D54A06-9214-4CF7-AE70-9CFC57B46277}
	EndGlobalSection
EndGlobal
